// !$*UTF8*$!
{
	archiveVersion = 1;
	classes = {
	};
	objectVersion = 56;
	objects = {

/* Begin PBXBuildFile section */
		BC0547ED2A0ED2B30073143C /* PostTableViewCell.swift in Sources */ = {isa = PBXBuildFile; fileRef = BC0547EC2A0ED2B30073143C /* PostTableViewCell.swift */; };
		BC3D62972A33A23D008282CF /* User.swift in Sources */ = {isa = PBXBuildFile; fileRef = BC3D62962A33A23D008282CF /* User.swift */; };
		BC3D80412A16D342003029E3 /* PhotosViewController.swift in Sources */ = {isa = PBXBuildFile; fileRef = BC3D80402A16D341003029E3 /* PhotosViewController.swift */; };
		BC3D80432A16DC3B003029E3 /* PhotosCollectionViewCell.swift in Sources */ = {isa = PBXBuildFile; fileRef = BC3D80422A16DC3B003029E3 /* PhotosCollectionViewCell.swift */; };
		BC3D80452A16DFA4003029E3 /* Reusable.swift in Sources */ = {isa = PBXBuildFile; fileRef = BC3D80442A16DFA4003029E3 /* Reusable.swift */; };
		BC41A26F2A422E880099AF93 /* iOSIntPackage in Frameworks */ = {isa = PBXBuildFile; productRef = BC41A26E2A422E880099AF93 /* iOSIntPackage */; };
		BC41A2712A449F490099AF93 /* CustomButton.swift in Sources */ = {isa = PBXBuildFile; fileRef = BC41A2702A449F490099AF93 /* CustomButton.swift */; };
		BC6367FC2A2C0596009C296C /* StorageService.docc in Sources */ = {isa = PBXBuildFile; fileRef = BC6367FB2A2C0596009C296C /* StorageService.docc */; };
		BC6367FD2A2C0596009C296C /* StorageService.h in Headers */ = {isa = PBXBuildFile; fileRef = BC6367FA2A2C0596009C296C /* StorageService.h */; settings = {ATTRIBUTES = (Public, ); }; };
		BC6368002A2C0596009C296C /* StorageService.framework in Frameworks */ = {isa = PBXBuildFile; fileRef = BC6367F82A2C0596009C296C /* StorageService.framework */; };
		BC6368012A2C0596009C296C /* StorageService.framework in Embed Frameworks */ = {isa = PBXBuildFile; fileRef = BC6367F82A2C0596009C296C /* StorageService.framework */; settings = {ATTRIBUTES = (CodeSignOnCopy, RemoveHeadersOnCopy, ); }; };
		BC6368092A2C0795009C296C /* Post.swift in Sources */ = {isa = PBXBuildFile; fileRef = BC6368072A2C0790009C296C /* Post.swift */; };
		BC8C38682A1542A3008D6C36 /* PhotosTableViewCell.swift in Sources */ = {isa = PBXBuildFile; fileRef = BC8C38672A1542A3008D6C36 /* PhotosTableViewCell.swift */; };
		BCB08D3429DF3649009B9A50 /* FeedViewController.swift in Sources */ = {isa = PBXBuildFile; fileRef = BCB08D3329DF3649009B9A50 /* FeedViewController.swift */; };
		BCB08D3629DF394D009B9A50 /* PostViewController.swift in Sources */ = {isa = PBXBuildFile; fileRef = BCB08D3529DF394D009B9A50 /* PostViewController.swift */; };
		BCB08D3829DF58A9009B9A50 /* InfoViewController.swift in Sources */ = {isa = PBXBuildFile; fileRef = BCB08D3729DF58A9009B9A50 /* InfoViewController.swift */; };
		BCC4973D2A5DF86400245F73 /* FeedViewModel.swift in Sources */ = {isa = PBXBuildFile; fileRef = BCC4973C2A5DF86400245F73 /* FeedViewModel.swift */; };
		BCD18A252A0930A00085DC39 /* LogInViewController.swift in Sources */ = {isa = PBXBuildFile; fileRef = BCD18A242A0930A00085DC39 /* LogInViewController.swift */; };
		BCD48C352A37DC6A009E4A62 /* Checker.swift in Sources */ = {isa = PBXBuildFile; fileRef = BCD48C342A37DC6A009E4A62 /* Checker.swift */; };
		BCD48C372A38CB22009E4A62 /* LoginFactory.swift in Sources */ = {isa = PBXBuildFile; fileRef = BCD48C362A38CB22009E4A62 /* LoginFactory.swift */; };
		BCE377042A49CB1A009A6670 /* FeedModel.swift in Sources */ = {isa = PBXBuildFile; fileRef = BCE377032A49CB1A009A6670 /* FeedModel.swift */; };
		BCE3D8E029EF36FE00528DA1 /* ProfileHederView.swift in Sources */ = {isa = PBXBuildFile; fileRef = BCE3D8DF29EF36FE00528DA1 /* ProfileHederView.swift */; };
		BCE3D8E329EF3A0B00528DA1 /* ProfileViewController.swift in Sources */ = {isa = PBXBuildFile; fileRef = BCE3D8E229EF3A0B00528DA1 /* ProfileViewController.swift */; };
		BCE4F8A82A099FF800ED45C5 /* UIImage.swift in Sources */ = {isa = PBXBuildFile; fileRef = BCE4F8A72A099FF800ED45C5 /* UIImage.swift */; };
		BCE58AF22A09250C001D0977 /* TextFieldWithPadding.swift in Sources */ = {isa = PBXBuildFile; fileRef = BCE58AF12A09250C001D0977 /* TextFieldWithPadding.swift */; };
		BCF9F41029DDF6B000266A70 /* AppDelegate.swift in Sources */ = {isa = PBXBuildFile; fileRef = BCF9F40F29DDF6B000266A70 /* AppDelegate.swift */; };
		BCF9F41229DDF6B000266A70 /* SceneDelegate.swift in Sources */ = {isa = PBXBuildFile; fileRef = BCF9F41129DDF6B000266A70 /* SceneDelegate.swift */; };
		BCF9F41429DDF6B000266A70 /* ViewController.swift in Sources */ = {isa = PBXBuildFile; fileRef = BCF9F41329DDF6B000266A70 /* ViewController.swift */; };
		BCF9F41929DDF6B200266A70 /* Assets.xcassets in Resources */ = {isa = PBXBuildFile; fileRef = BCF9F41829DDF6B200266A70 /* Assets.xcassets */; };
		BCF9F41C29DDF6B200266A70 /* LaunchScreen.storyboard in Resources */ = {isa = PBXBuildFile; fileRef = BCF9F41A29DDF6B200266A70 /* LaunchScreen.storyboard */; };
/* End PBXBuildFile section */

/* Begin PBXContainerItemProxy section */
		BC6367FE2A2C0596009C296C /* PBXContainerItemProxy */ = {
			isa = PBXContainerItemProxy;
			containerPortal = BCF9F40429DDF6B000266A70 /* Project object */;
			proxyType = 1;
			remoteGlobalIDString = BC6367F72A2C0596009C296C;
			remoteInfo = StorageService;
		};
/* End PBXContainerItemProxy section */

/* Begin PBXCopyFilesBuildPhase section */
		BC6368022A2C0596009C296C /* Embed Frameworks */ = {
			isa = PBXCopyFilesBuildPhase;
			buildActionMask = 2147483647;
			dstPath = "";
			dstSubfolderSpec = 10;
			files = (
				BC6368012A2C0596009C296C /* StorageService.framework in Embed Frameworks */,
			);
			name = "Embed Frameworks";
			runOnlyForDeploymentPostprocessing = 0;
		};
/* End PBXCopyFilesBuildPhase section */

/* Begin PBXFileReference section */
		BC0547EC2A0ED2B30073143C /* PostTableViewCell.swift */ = {isa = PBXFileReference; lastKnownFileType = sourcecode.swift; path = PostTableViewCell.swift; sourceTree = "<group>"; };
		BC3D62962A33A23D008282CF /* User.swift */ = {isa = PBXFileReference; lastKnownFileType = sourcecode.swift; path = User.swift; sourceTree = "<group>"; };
		BC3D80402A16D341003029E3 /* PhotosViewController.swift */ = {isa = PBXFileReference; lastKnownFileType = sourcecode.swift; path = PhotosViewController.swift; sourceTree = "<group>"; };
		BC3D80422A16DC3B003029E3 /* PhotosCollectionViewCell.swift */ = {isa = PBXFileReference; lastKnownFileType = sourcecode.swift; path = PhotosCollectionViewCell.swift; sourceTree = "<group>"; };
		BC3D80442A16DFA4003029E3 /* Reusable.swift */ = {isa = PBXFileReference; lastKnownFileType = sourcecode.swift; path = Reusable.swift; sourceTree = "<group>"; };
		BC41A2702A449F490099AF93 /* CustomButton.swift */ = {isa = PBXFileReference; lastKnownFileType = sourcecode.swift; path = CustomButton.swift; sourceTree = "<group>"; };
		BC6367F82A2C0596009C296C /* StorageService.framework */ = {isa = PBXFileReference; explicitFileType = wrapper.framework; includeInIndex = 0; path = StorageService.framework; sourceTree = BUILT_PRODUCTS_DIR; };
		BC6367FA2A2C0596009C296C /* StorageService.h */ = {isa = PBXFileReference; lastKnownFileType = sourcecode.c.h; path = StorageService.h; sourceTree = "<group>"; };
		BC6367FB2A2C0596009C296C /* StorageService.docc */ = {isa = PBXFileReference; lastKnownFileType = folder.documentationcatalog; path = StorageService.docc; sourceTree = "<group>"; };
		BC6368072A2C0790009C296C /* Post.swift */ = {isa = PBXFileReference; lastKnownFileType = sourcecode.swift; path = Post.swift; sourceTree = "<group>"; };
		BC8C38672A1542A3008D6C36 /* PhotosTableViewCell.swift */ = {isa = PBXFileReference; lastKnownFileType = sourcecode.swift; path = PhotosTableViewCell.swift; sourceTree = "<group>"; };
		BCB08D3329DF3649009B9A50 /* FeedViewController.swift */ = {isa = PBXFileReference; lastKnownFileType = sourcecode.swift; path = FeedViewController.swift; sourceTree = "<group>"; };
		BCB08D3529DF394D009B9A50 /* PostViewController.swift */ = {isa = PBXFileReference; lastKnownFileType = sourcecode.swift; path = PostViewController.swift; sourceTree = "<group>"; };
		BCB08D3729DF58A9009B9A50 /* InfoViewController.swift */ = {isa = PBXFileReference; lastKnownFileType = sourcecode.swift; path = InfoViewController.swift; sourceTree = "<group>"; };
		BCC4973C2A5DF86400245F73 /* FeedViewModel.swift */ = {isa = PBXFileReference; lastKnownFileType = sourcecode.swift; path = FeedViewModel.swift; sourceTree = "<group>"; };
		BCD18A242A0930A00085DC39 /* LogInViewController.swift */ = {isa = PBXFileReference; lastKnownFileType = sourcecode.swift; path = LogInViewController.swift; sourceTree = "<group>"; };
		BCD48C342A37DC6A009E4A62 /* Checker.swift */ = {isa = PBXFileReference; lastKnownFileType = sourcecode.swift; path = Checker.swift; sourceTree = "<group>"; };
		BCD48C362A38CB22009E4A62 /* LoginFactory.swift */ = {isa = PBXFileReference; lastKnownFileType = sourcecode.swift; path = LoginFactory.swift; sourceTree = "<group>"; };
		BCE377032A49CB1A009A6670 /* FeedModel.swift */ = {isa = PBXFileReference; lastKnownFileType = sourcecode.swift; path = FeedModel.swift; sourceTree = "<group>"; };
		BCE3D8DF29EF36FE00528DA1 /* ProfileHederView.swift */ = {isa = PBXFileReference; lastKnownFileType = sourcecode.swift; path = ProfileHederView.swift; sourceTree = "<group>"; };
		BCE3D8E229EF3A0B00528DA1 /* ProfileViewController.swift */ = {isa = PBXFileReference; lastKnownFileType = sourcecode.swift; path = ProfileViewController.swift; sourceTree = "<group>"; };
		BCE4F8A72A099FF800ED45C5 /* UIImage.swift */ = {isa = PBXFileReference; lastKnownFileType = sourcecode.swift; path = UIImage.swift; sourceTree = "<group>"; };
		BCE58AF12A09250C001D0977 /* TextFieldWithPadding.swift */ = {isa = PBXFileReference; lastKnownFileType = sourcecode.swift; path = TextFieldWithPadding.swift; sourceTree = "<group>"; };
		BCF9F40C29DDF6B000266A70 /* Navigation.app */ = {isa = PBXFileReference; explicitFileType = wrapper.application; includeInIndex = 0; path = Navigation.app; sourceTree = BUILT_PRODUCTS_DIR; };
		BCF9F40F29DDF6B000266A70 /* AppDelegate.swift */ = {isa = PBXFileReference; lastKnownFileType = sourcecode.swift; path = AppDelegate.swift; sourceTree = "<group>"; };
		BCF9F41129DDF6B000266A70 /* SceneDelegate.swift */ = {isa = PBXFileReference; lastKnownFileType = sourcecode.swift; path = SceneDelegate.swift; sourceTree = "<group>"; };
		BCF9F41329DDF6B000266A70 /* ViewController.swift */ = {isa = PBXFileReference; lastKnownFileType = sourcecode.swift; path = ViewController.swift; sourceTree = "<group>"; };
		BCF9F41829DDF6B200266A70 /* Assets.xcassets */ = {isa = PBXFileReference; lastKnownFileType = folder.assetcatalog; path = Assets.xcassets; sourceTree = "<group>"; };
		BCF9F41B29DDF6B200266A70 /* Base */ = {isa = PBXFileReference; lastKnownFileType = file.storyboard; name = Base; path = Base.lproj/LaunchScreen.storyboard; sourceTree = "<group>"; };
		BCF9F41D29DDF6B200266A70 /* Info.plist */ = {isa = PBXFileReference; lastKnownFileType = text.plist.xml; path = Info.plist; sourceTree = "<group>"; };
/* End PBXFileReference section */

/* Begin PBXFrameworksBuildPhase section */
		BC6367F52A2C0596009C296C /* Frameworks */ = {
			isa = PBXFrameworksBuildPhase;
			buildActionMask = 2147483647;
			files = (
			);
			runOnlyForDeploymentPostprocessing = 0;
		};
		BCF9F40929DDF6B000266A70 /* Frameworks */ = {
			isa = PBXFrameworksBuildPhase;
			buildActionMask = 2147483647;
			files = (
				BC6368002A2C0596009C296C /* StorageService.framework in Frameworks */,
				BC41A26F2A422E880099AF93 /* iOSIntPackage in Frameworks */,
			);
			runOnlyForDeploymentPostprocessing = 0;
		};
/* End PBXFrameworksBuildPhase section */

/* Begin PBXGroup section */
		BC6367F92A2C0596009C296C /* StorageService */ = {
			isa = PBXGroup;
			children = (
				BC6368072A2C0790009C296C /* Post.swift */,
				BC6367FA2A2C0596009C296C /* StorageService.h */,
				BC6367FB2A2C0596009C296C /* StorageService.docc */,
			);
			path = StorageService;
			sourceTree = "<group>";
		};
		BCE377022A49CA56009A6670 /* Feed */ = {
			isa = PBXGroup;
			children = (
				BCB08D3329DF3649009B9A50 /* FeedViewController.swift */,
				BCC4973C2A5DF86400245F73 /* FeedViewModel.swift */,
				BCE377032A49CB1A009A6670 /* FeedModel.swift */,
			);
			path = Feed;
			sourceTree = "<group>";
		};
		BCE3D8E129EF370400528DA1 /* Profile */ = {
			isa = PBXGroup;
			children = (
				BC0547EC2A0ED2B30073143C /* PostTableViewCell.swift */,
				BCE3D8DF29EF36FE00528DA1 /* ProfileHederView.swift */,
				BCD18A242A0930A00085DC39 /* LogInViewController.swift */,
				BCD48C362A38CB22009E4A62 /* LoginFactory.swift */,
				BCE58AF12A09250C001D0977 /* TextFieldWithPadding.swift */,
				BCE3D8E229EF3A0B00528DA1 /* ProfileViewController.swift */,
				BC8C38672A1542A3008D6C36 /* PhotosTableViewCell.swift */,
				BC3D80402A16D341003029E3 /* PhotosViewController.swift */,
				BC3D80422A16DC3B003029E3 /* PhotosCollectionViewCell.swift */,
				BC3D62962A33A23D008282CF /* User.swift */,
				BCD48C342A37DC6A009E4A62 /* Checker.swift */,
			);
			path = Profile;
			sourceTree = "<group>";
		};
		BCF9F40329DDF6B000266A70 = {
			isa = PBXGroup;
			children = (
				BCF9F40E29DDF6B000266A70 /* Navigation */,
				BC6367F92A2C0596009C296C /* StorageService */,
				BCF9F40D29DDF6B000266A70 /* Products */,
			);
			sourceTree = "<group>";
		};
		BCF9F40D29DDF6B000266A70 /* Products */ = {
			isa = PBXGroup;
			children = (
				BCF9F40C29DDF6B000266A70 /* Navigation.app */,
				BC6367F82A2C0596009C296C /* StorageService.framework */,
			);
			name = Products;
			sourceTree = "<group>";
		};
		BCF9F40E29DDF6B000266A70 /* Navigation */ = {
			isa = PBXGroup;
			children = (
				BCE3D8E129EF370400528DA1 /* Profile */,
				BCE377022A49CA56009A6670 /* Feed */,
				BCF9F40F29DDF6B000266A70 /* AppDelegate.swift */,
				BCF9F41129DDF6B000266A70 /* SceneDelegate.swift */,
				BCE4F8A72A099FF800ED45C5 /* UIImage.swift */,
				BCF9F41329DDF6B000266A70 /* ViewController.swift */,
				BCB08D3529DF394D009B9A50 /* PostViewController.swift */,
				BCB08D3729DF58A9009B9A50 /* InfoViewController.swift */,
				BC3D80442A16DFA4003029E3 /* Reusable.swift */,
				BC41A2702A449F490099AF93 /* CustomButton.swift */,
				BCF9F41829DDF6B200266A70 /* Assets.xcassets */,
				BCF9F41A29DDF6B200266A70 /* LaunchScreen.storyboard */,
				BCF9F41D29DDF6B200266A70 /* Info.plist */,
			);
			path = Navigation;
			sourceTree = "<group>";
		};
/* End PBXGroup section */

/* Begin PBXHeadersBuildPhase section */
		BC6367F32A2C0596009C296C /* Headers */ = {
			isa = PBXHeadersBuildPhase;
			buildActionMask = 2147483647;
			files = (
				BC6367FD2A2C0596009C296C /* StorageService.h in Headers */,
			);
			runOnlyForDeploymentPostprocessing = 0;
		};
/* End PBXHeadersBuildPhase section */

/* Begin PBXNativeTarget section */
		BC6367F72A2C0596009C296C /* StorageService */ = {
			isa = PBXNativeTarget;
			buildConfigurationList = BC6368052A2C0596009C296C /* Build configuration list for PBXNativeTarget "StorageService" */;
			buildPhases = (
				BC6367F32A2C0596009C296C /* Headers */,
				BC6367F42A2C0596009C296C /* Sources */,
				BC6367F52A2C0596009C296C /* Frameworks */,
				BC6367F62A2C0596009C296C /* Resources */,
			);
			buildRules = (
			);
			dependencies = (
			);
			name = StorageService;
			productName = StorageService;
			productReference = BC6367F82A2C0596009C296C /* StorageService.framework */;
			productType = "com.apple.product-type.framework";
		};
		BCF9F40B29DDF6B000266A70 /* Navigation */ = {
			isa = PBXNativeTarget;
			buildConfigurationList = BCF9F42029DDF6B200266A70 /* Build configuration list for PBXNativeTarget "Navigation" */;
			buildPhases = (
				BCF9F40829DDF6B000266A70 /* Sources */,
				BCF9F40929DDF6B000266A70 /* Frameworks */,
				BCF9F40A29DDF6B000266A70 /* Resources */,
				BC6368022A2C0596009C296C /* Embed Frameworks */,
			);
			buildRules = (
			);
			dependencies = (
				BC6367FF2A2C0596009C296C /* PBXTargetDependency */,
			);
			name = Navigation;
			packageProductDependencies = (
				BC41A26E2A422E880099AF93 /* iOSIntPackage */,
			);
			productName = Navigation;
			productReference = BCF9F40C29DDF6B000266A70 /* Navigation.app */;
			productType = "com.apple.product-type.application";
		};
/* End PBXNativeTarget section */

/* Begin PBXProject section */
		BCF9F40429DDF6B000266A70 /* Project object */ = {
			isa = PBXProject;
			attributes = {
				BuildIndependentTargetsInParallel = 1;
				LastSwiftUpdateCheck = 1420;
				LastUpgradeCheck = 1420;
				TargetAttributes = {
					BC6367F72A2C0596009C296C = {
						CreatedOnToolsVersion = 14.3.1;
					};
					BCF9F40B29DDF6B000266A70 = {
						CreatedOnToolsVersion = 14.2;
					};
				};
			};
			buildConfigurationList = BCF9F40729DDF6B000266A70 /* Build configuration list for PBXProject "Navigation" */;
			compatibilityVersion = "Xcode 14.0";
			developmentRegion = en;
			hasScannedForEncodings = 0;
			knownRegions = (
				en,
				Base,
			);
			mainGroup = BCF9F40329DDF6B000266A70;
			packageReferences = (
				BC41A26D2A422E880099AF93 /* XCRemoteSwiftPackageReference "iOSIntPackage" */,
			);
			productRefGroup = BCF9F40D29DDF6B000266A70 /* Products */;
			projectDirPath = "";
			projectRoot = "";
			targets = (
				BCF9F40B29DDF6B000266A70 /* Navigation */,
				BC6367F72A2C0596009C296C /* StorageService */,
			);
		};
/* End PBXProject section */

/* Begin PBXResourcesBuildPhase section */
		BC6367F62A2C0596009C296C /* Resources */ = {
			isa = PBXResourcesBuildPhase;
			buildActionMask = 2147483647;
			files = (
			);
			runOnlyForDeploymentPostprocessing = 0;
		};
		BCF9F40A29DDF6B000266A70 /* Resources */ = {
			isa = PBXResourcesBuildPhase;
			buildActionMask = 2147483647;
			files = (
				BCF9F41C29DDF6B200266A70 /* LaunchScreen.storyboard in Resources */,
				BCF9F41929DDF6B200266A70 /* Assets.xcassets in Resources */,
			);
			runOnlyForDeploymentPostprocessing = 0;
		};
/* End PBXResourcesBuildPhase section */

/* Begin PBXSourcesBuildPhase section */
		BC6367F42A2C0596009C296C /* Sources */ = {
			isa = PBXSourcesBuildPhase;
			buildActionMask = 2147483647;
			files = (
				BC6367FC2A2C0596009C296C /* StorageService.docc in Sources */,
				BC6368092A2C0795009C296C /* Post.swift in Sources */,
			);
			runOnlyForDeploymentPostprocessing = 0;
		};
		BCF9F40829DDF6B000266A70 /* Sources */ = {
			isa = PBXSourcesBuildPhase;
			buildActionMask = 2147483647;
			files = (
				BC3D80452A16DFA4003029E3 /* Reusable.swift in Sources */,
				BC0547ED2A0ED2B30073143C /* PostTableViewCell.swift in Sources */,
				BCD48C372A38CB22009E4A62 /* LoginFactory.swift in Sources */,
				BCF9F41429DDF6B000266A70 /* ViewController.swift in Sources */,
				BCE377042A49CB1A009A6670 /* FeedModel.swift in Sources */,
				BC41A2712A449F490099AF93 /* CustomButton.swift in Sources */,
				BCE4F8A82A099FF800ED45C5 /* UIImage.swift in Sources */,
				BCF9F41029DDF6B000266A70 /* AppDelegate.swift in Sources */,
				BCB08D3429DF3649009B9A50 /* FeedViewController.swift in Sources */,
				BCF9F41229DDF6B000266A70 /* SceneDelegate.swift in Sources */,
				BCD48C352A37DC6A009E4A62 /* Checker.swift in Sources */,
				BC3D62972A33A23D008282CF /* User.swift in Sources */,
				BCE3D8E029EF36FE00528DA1 /* ProfileHederView.swift in Sources */,
				BCB08D3829DF58A9009B9A50 /* InfoViewController.swift in Sources */,
				BC8C38682A1542A3008D6C36 /* PhotosTableViewCell.swift in Sources */,
				BC3D80412A16D342003029E3 /* PhotosViewController.swift in Sources */,
				BCC4973D2A5DF86400245F73 /* FeedViewModel.swift in Sources */,
				BCE3D8E329EF3A0B00528DA1 /* ProfileViewController.swift in Sources */,
				BCE58AF22A09250C001D0977 /* TextFieldWithPadding.swift in Sources */,
				BC3D80432A16DC3B003029E3 /* PhotosCollectionViewCell.swift in Sources */,
				BCD18A252A0930A00085DC39 /* LogInViewController.swift in Sources */,
				BCB08D3629DF394D009B9A50 /* PostViewController.swift in Sources */,
			);
			runOnlyForDeploymentPostprocessing = 0;
		};
/* End PBXSourcesBuildPhase section */

/* Begin PBXTargetDependency section */
		BC6367FF2A2C0596009C296C /* PBXTargetDependency */ = {
			isa = PBXTargetDependency;
			target = BC6367F72A2C0596009C296C /* StorageService */;
			targetProxy = BC6367FE2A2C0596009C296C /* PBXContainerItemProxy */;
		};
/* End PBXTargetDependency section */

/* Begin PBXVariantGroup section */
		BCF9F41A29DDF6B200266A70 /* LaunchScreen.storyboard */ = {
			isa = PBXVariantGroup;
			children = (
				BCF9F41B29DDF6B200266A70 /* Base */,
			);
			name = LaunchScreen.storyboard;
			sourceTree = "<group>";
		};
/* End PBXVariantGroup section */

/* Begin XCBuildConfiguration section */
		BC6368032A2C0596009C296C /* Debug */ = {
			isa = XCBuildConfiguration;
			buildSettings = {
				CODE_SIGN_STYLE = Automatic;
				CURRENT_PROJECT_VERSION = 1;
				DEFINES_MODULE = YES;
				DYLIB_COMPATIBILITY_VERSION = 1;
				DYLIB_CURRENT_VERSION = 1;
				DYLIB_INSTALL_NAME_BASE = "@rpath";
				ENABLE_MODULE_VERIFIER = YES;
				GENERATE_INFOPLIST_FILE = YES;
				INFOPLIST_KEY_NSHumanReadableCopyright = "";
				INSTALL_PATH = "$(LOCAL_LIBRARY_DIR)/Frameworks";
				IPHONEOS_DEPLOYMENT_TARGET = 13.0;
				LD_RUNPATH_SEARCH_PATHS = (
					"$(inherited)",
					"@executable_path/Frameworks",
					"@loader_path/Frameworks",
				);
				MARKETING_VERSION = 1.0;
				MODULE_VERIFIER_SUPPORTED_LANGUAGES = "objective-c objective-c++";
				MODULE_VERIFIER_SUPPORTED_LANGUAGE_STANDARDS = "gnu11 gnu++20";
				PRODUCT_BUNDLE_IDENTIFIER = ru.netology.StorageService;
				PRODUCT_NAME = "$(TARGET_NAME:c99extidentifier)";
				SKIP_INSTALL = YES;
				SWIFT_EMIT_LOC_STRINGS = YES;
				SWIFT_VERSION = 5.0;
				TARGETED_DEVICE_FAMILY = "1,2";
				VERSIONING_SYSTEM = "apple-generic";
				VERSION_INFO_PREFIX = "";
			};
			name = Debug;
		};
		BC6368042A2C0596009C296C /* Release */ = {
			isa = XCBuildConfiguration;
			buildSettings = {
				CODE_SIGN_STYLE = Automatic;
				CURRENT_PROJECT_VERSION = 1;
				DEFINES_MODULE = YES;
				DYLIB_COMPATIBILITY_VERSION = 1;
				DYLIB_CURRENT_VERSION = 1;
				DYLIB_INSTALL_NAME_BASE = "@rpath";
				ENABLE_MODULE_VERIFIER = YES;
				GENERATE_INFOPLIST_FILE = YES;
				INFOPLIST_KEY_NSHumanReadableCopyright = "";
				INSTALL_PATH = "$(LOCAL_LIBRARY_DIR)/Frameworks";
				IPHONEOS_DEPLOYMENT_TARGET = 13.0;
				LD_RUNPATH_SEARCH_PATHS = (
					"$(inherited)",
					"@executable_path/Frameworks",
					"@loader_path/Frameworks",
				);
				MARKETING_VERSION = 1.0;
				MODULE_VERIFIER_SUPPORTED_LANGUAGES = "objective-c objective-c++";
				MODULE_VERIFIER_SUPPORTED_LANGUAGE_STANDARDS = "gnu11 gnu++20";
				PRODUCT_BUNDLE_IDENTIFIER = ru.netology.StorageService;
				PRODUCT_NAME = "$(TARGET_NAME:c99extidentifier)";
				SKIP_INSTALL = YES;
				SWIFT_EMIT_LOC_STRINGS = YES;
				SWIFT_VERSION = 5.0;
				TARGETED_DEVICE_FAMILY = "1,2";
				VERSIONING_SYSTEM = "apple-generic";
				VERSION_INFO_PREFIX = "";
			};
			name = Release;
		};
		BCF9F41E29DDF6B200266A70 /* Debug */ = {
			isa = XCBuildConfiguration;
			buildSettings = {
				ALWAYS_SEARCH_USER_PATHS = NO;
				CLANG_ANALYZER_NONNULL = YES;
				CLANG_ANALYZER_NUMBER_OBJECT_CONVERSION = YES_AGGRESSIVE;
				CLANG_CXX_LANGUAGE_STANDARD = "gnu++20";
				CLANG_ENABLE_MODULES = YES;
				CLANG_ENABLE_OBJC_ARC = YES;
				CLANG_ENABLE_OBJC_WEAK = YES;
				CLANG_WARN_BLOCK_CAPTURE_AUTORELEASING = YES;
				CLANG_WARN_BOOL_CONVERSION = YES;
				CLANG_WARN_COMMA = YES;
				CLANG_WARN_CONSTANT_CONVERSION = YES;
				CLANG_WARN_DEPRECATED_OBJC_IMPLEMENTATIONS = YES;
				CLANG_WARN_DIRECT_OBJC_ISA_USAGE = YES_ERROR;
				CLANG_WARN_DOCUMENTATION_COMMENTS = YES;
				CLANG_WARN_EMPTY_BODY = YES;
				CLANG_WARN_ENUM_CONVERSION = YES;
				CLANG_WARN_INFINITE_RECURSION = YES;
				CLANG_WARN_INT_CONVERSION = YES;
				CLANG_WARN_NON_LITERAL_NULL_CONVERSION = YES;
				CLANG_WARN_OBJC_IMPLICIT_RETAIN_SELF = YES;
				CLANG_WARN_OBJC_LITERAL_CONVERSION = YES;
				CLANG_WARN_OBJC_ROOT_CLASS = YES_ERROR;
				CLANG_WARN_QUOTED_INCLUDE_IN_FRAMEWORK_HEADER = YES;
				CLANG_WARN_RANGE_LOOP_ANALYSIS = YES;
				CLANG_WARN_STRICT_PROTOTYPES = YES;
				CLANG_WARN_SUSPICIOUS_MOVE = YES;
				CLANG_WARN_UNGUARDED_AVAILABILITY = YES_AGGRESSIVE;
				CLANG_WARN_UNREACHABLE_CODE = YES;
				CLANG_WARN__DUPLICATE_METHOD_MATCH = YES;
				COPY_PHASE_STRIP = NO;
				DEBUG_INFORMATION_FORMAT = dwarf;
				ENABLE_STRICT_OBJC_MSGSEND = YES;
				ENABLE_TESTABILITY = YES;
				GCC_C_LANGUAGE_STANDARD = gnu11;
				GCC_DYNAMIC_NO_PIC = NO;
				GCC_NO_COMMON_BLOCKS = YES;
				GCC_OPTIMIZATION_LEVEL = 0;
				GCC_PREPROCESSOR_DEFINITIONS = (
					"DEBUG=1",
					"$(inherited)",
				);
				GCC_WARN_64_TO_32_BIT_CONVERSION = YES;
				GCC_WARN_ABOUT_RETURN_TYPE = YES_ERROR;
				GCC_WARN_UNDECLARED_SELECTOR = YES;
				GCC_WARN_UNINITIALIZED_AUTOS = YES_AGGRESSIVE;
				GCC_WARN_UNUSED_FUNCTION = YES;
				GCC_WARN_UNUSED_VARIABLE = YES;
				IPHONEOS_DEPLOYMENT_TARGET = 16.2;
				MTL_ENABLE_DEBUG_INFO = INCLUDE_SOURCE;
				MTL_FAST_MATH = YES;
				ONLY_ACTIVE_ARCH = YES;
				SDKROOT = iphoneos;
				SWIFT_ACTIVE_COMPILATION_CONDITIONS = DEBUG;
				SWIFT_OPTIMIZATION_LEVEL = "-Onone";
			};
			name = Debug;
		};
		BCF9F41F29DDF6B200266A70 /* Release */ = {
			isa = XCBuildConfiguration;
			buildSettings = {
				ALWAYS_SEARCH_USER_PATHS = NO;
				CLANG_ANALYZER_NONNULL = YES;
				CLANG_ANALYZER_NUMBER_OBJECT_CONVERSION = YES_AGGRESSIVE;
				CLANG_CXX_LANGUAGE_STANDARD = "gnu++20";
				CLANG_ENABLE_MODULES = YES;
				CLANG_ENABLE_OBJC_ARC = YES;
				CLANG_ENABLE_OBJC_WEAK = YES;
				CLANG_WARN_BLOCK_CAPTURE_AUTORELEASING = YES;
				CLANG_WARN_BOOL_CONVERSION = YES;
				CLANG_WARN_COMMA = YES;
				CLANG_WARN_CONSTANT_CONVERSION = YES;
				CLANG_WARN_DEPRECATED_OBJC_IMPLEMENTATIONS = YES;
				CLANG_WARN_DIRECT_OBJC_ISA_USAGE = YES_ERROR;
				CLANG_WARN_DOCUMENTATION_COMMENTS = YES;
				CLANG_WARN_EMPTY_BODY = YES;
				CLANG_WARN_ENUM_CONVERSION = YES;
				CLANG_WARN_INFINITE_RECURSION = YES;
				CLANG_WARN_INT_CONVERSION = YES;
				CLANG_WARN_NON_LITERAL_NULL_CONVERSION = YES;
				CLANG_WARN_OBJC_IMPLICIT_RETAIN_SELF = YES;
				CLANG_WARN_OBJC_LITERAL_CONVERSION = YES;
				CLANG_WARN_OBJC_ROOT_CLASS = YES_ERROR;
				CLANG_WARN_QUOTED_INCLUDE_IN_FRAMEWORK_HEADER = YES;
				CLANG_WARN_RANGE_LOOP_ANALYSIS = YES;
				CLANG_WARN_STRICT_PROTOTYPES = YES;
				CLANG_WARN_SUSPICIOUS_MOVE = YES;
				CLANG_WARN_UNGUARDED_AVAILABILITY = YES_AGGRESSIVE;
				CLANG_WARN_UNREACHABLE_CODE = YES;
				CLANG_WARN__DUPLICATE_METHOD_MATCH = YES;
				COPY_PHASE_STRIP = NO;
				DEBUG_INFORMATION_FORMAT = "dwarf-with-dsym";
				ENABLE_NS_ASSERTIONS = NO;
				ENABLE_STRICT_OBJC_MSGSEND = YES;
				GCC_C_LANGUAGE_STANDARD = gnu11;
				GCC_NO_COMMON_BLOCKS = YES;
				GCC_WARN_64_TO_32_BIT_CONVERSION = YES;
				GCC_WARN_ABOUT_RETURN_TYPE = YES_ERROR;
				GCC_WARN_UNDECLARED_SELECTOR = YES;
				GCC_WARN_UNINITIALIZED_AUTOS = YES_AGGRESSIVE;
				GCC_WARN_UNUSED_FUNCTION = YES;
				GCC_WARN_UNUSED_VARIABLE = YES;
				IPHONEOS_DEPLOYMENT_TARGET = 16.2;
				MTL_ENABLE_DEBUG_INFO = NO;
				MTL_FAST_MATH = YES;
				SDKROOT = iphoneos;
				SWIFT_COMPILATION_MODE = wholemodule;
				SWIFT_OPTIMIZATION_LEVEL = "-O";
				VALIDATE_PRODUCT = YES;
			};
			name = Release;
		};
		BCF9F42129DDF6B200266A70 /* Debug */ = {
			isa = XCBuildConfiguration;
			buildSettings = {
				ALWAYS_EMBED_SWIFT_STANDARD_LIBRARIES = YES;
				ASSETCATALOG_COMPILER_APPICON_NAME = AppIcon;
				ASSETCATALOG_COMPILER_GLOBAL_ACCENT_COLOR_NAME = AccentColor;
				CODE_SIGN_STYLE = Automatic;
				CURRENT_PROJECT_VERSION = 1;
				GENERATE_INFOPLIST_FILE = YES;
				INFOPLIST_FILE = Navigation/Info.plist;
				INFOPLIST_KEY_UIApplicationSupportsIndirectInputEvents = YES;
				INFOPLIST_KEY_UILaunchStoryboardName = LaunchScreen;
				INFOPLIST_KEY_UIMainStoryboardFile = "";
				INFOPLIST_KEY_UISupportedInterfaceOrientations_iPad = "UIInterfaceOrientationPortrait UIInterfaceOrientationPortraitUpsideDown UIInterfaceOrientationLandscapeLeft UIInterfaceOrientationLandscapeRight";
				INFOPLIST_KEY_UISupportedInterfaceOrientations_iPhone = "UIInterfaceOrientationPortrait UIInterfaceOrientationLandscapeLeft UIInterfaceOrientationLandscapeRight";
				IPHONEOS_DEPLOYMENT_TARGET = 13.0;
				LD_RUNPATH_SEARCH_PATHS = (
					"$(inherited)",
					"@executable_path/Frameworks",
				);
				MARKETING_VERSION = 1.0;
				PRODUCT_BUNDLE_IDENTIFIER = ru.netology.Navigation;
				PRODUCT_NAME = "$(TARGET_NAME)";
				SWIFT_EMIT_LOC_STRINGS = YES;
				SWIFT_VERSION = 5.0;
				TARGETED_DEVICE_FAMILY = "1,2";
			};
			name = Debug;
		};
		BCF9F42229DDF6B200266A70 /* Release */ = {
			isa = XCBuildConfiguration;
			buildSettings = {
				ALWAYS_EMBED_SWIFT_STANDARD_LIBRARIES = YES;
				ASSETCATALOG_COMPILER_APPICON_NAME = AppIcon;
				ASSETCATALOG_COMPILER_GLOBAL_ACCENT_COLOR_NAME = AccentColor;
				CODE_SIGN_STYLE = Automatic;
				CURRENT_PROJECT_VERSION = 1;
				GENERATE_INFOPLIST_FILE = YES;
				INFOPLIST_FILE = Navigation/Info.plist;
				INFOPLIST_KEY_UIApplicationSupportsIndirectInputEvents = YES;
				INFOPLIST_KEY_UILaunchStoryboardName = LaunchScreen;
				INFOPLIST_KEY_UIMainStoryboardFile = "";
				INFOPLIST_KEY_UISupportedInterfaceOrientations_iPad = "UIInterfaceOrientationPortrait UIInterfaceOrientationPortraitUpsideDown UIInterfaceOrientationLandscapeLeft UIInterfaceOrientationLandscapeRight";
				INFOPLIST_KEY_UISupportedInterfaceOrientations_iPhone = "UIInterfaceOrientationPortrait UIInterfaceOrientationLandscapeLeft UIInterfaceOrientationLandscapeRight";
				IPHONEOS_DEPLOYMENT_TARGET = 13.0;
				LD_RUNPATH_SEARCH_PATHS = (
					"$(inherited)",
					"@executable_path/Frameworks",
				);
				MARKETING_VERSION = 1.0;
				PRODUCT_BUNDLE_IDENTIFIER = ru.netology.Navigation;
				PRODUCT_NAME = "$(TARGET_NAME)";
				SWIFT_EMIT_LOC_STRINGS = YES;
				SWIFT_VERSION = 5.0;
				TARGETED_DEVICE_FAMILY = "1,2";
			};
			name = Release;
		};
/* End XCBuildConfiguration section */

/* Begin XCConfigurationList section */
		BC6368052A2C0596009C296C /* Build configuration list for PBXNativeTarget "StorageService" */ = {
			isa = XCConfigurationList;
			buildConfigurations = (
				BC6368032A2C0596009C296C /* Debug */,
				BC6368042A2C0596009C296C /* Release */,
			);
			defaultConfigurationIsVisible = 0;
			defaultConfigurationName = Release;
		};
		BCF9F40729DDF6B000266A70 /* Build configuration list for PBXProject "Navigation" */ = {
			isa = XCConfigurationList;
			buildConfigurations = (
				BCF9F41E29DDF6B200266A70 /* Debug */,
				BCF9F41F29DDF6B200266A70 /* Release */,
			);
			defaultConfigurationIsVisible = 0;
			defaultConfigurationName = Release;
		};
		BCF9F42029DDF6B200266A70 /* Build configuration list for PBXNativeTarget "Navigation" */ = {
			isa = XCConfigurationList;
			buildConfigurations = (
				BCF9F42129DDF6B200266A70 /* Debug */,
				BCF9F42229DDF6B200266A70 /* Release */,
			);
			defaultConfigurationIsVisible = 0;
			defaultConfigurationName = Release;
		};
/* End XCConfigurationList section */

/* Begin XCRemoteSwiftPackageReference section */
		BC41A26D2A422E880099AF93 /* XCRemoteSwiftPackageReference "iOSIntPackage" */ = {
			isa = XCRemoteSwiftPackageReference;
			repositoryURL = "https://github.com/TrueMax/iOSIntPackage";
			requirement = {
				branch = imagepublisher;
				kind = branch;
			};
		};
/* End XCRemoteSwiftPackageReference section */

/* Begin XCSwiftPackageProductDependency section */
		BC41A26E2A422E880099AF93 /* iOSIntPackage */ = {
			isa = XCSwiftPackageProductDependency;
			package = BC41A26D2A422E880099AF93 /* XCRemoteSwiftPackageReference "iOSIntPackage" */;
			productName = iOSIntPackage;
		};
/* End XCSwiftPackageProductDependency section */
	};
	rootObject = BCF9F40429DDF6B000266A70 /* Project object */;
}
